// !$*UTF8*$!
{
	archiveVersion = 1;
	classes = {
	};
	objectVersion = 46;
	objects = {

/* Begin PBXBuildFile section */
		5420AEC7449F376B011F8CC7 /* Pods_Superpowers.framework in Frameworks */ = {isa = PBXBuildFile; fileRef = B29521C0BE4DB6F672FAE88E /* Pods_Superpowers.framework */; };
		DFE3D8EB1E732660007A42B9 /* AppDelegate.swift in Sources */ = {isa = PBXBuildFile; fileRef = DFE3D8EA1E732660007A42B9 /* AppDelegate.swift */; };
		DFE3D8ED1E732660007A42B9 /* ViewController.swift in Sources */ = {isa = PBXBuildFile; fileRef = DFE3D8EC1E732660007A42B9 /* ViewController.swift */; };
		DFE3D8F01E732660007A42B9 /* Main.storyboard in Resources */ = {isa = PBXBuildFile; fileRef = DFE3D8EE1E732660007A42B9 /* Main.storyboard */; };
		DFE3D8F21E732660007A42B9 /* Assets.xcassets in Resources */ = {isa = PBXBuildFile; fileRef = DFE3D8F11E732660007A42B9 /* Assets.xcassets */; };
		DFE3D8F51E732660007A42B9 /* LaunchScreen.storyboard in Resources */ = {isa = PBXBuildFile; fileRef = DFE3D8F31E732660007A42B9 /* LaunchScreen.storyboard */; };
/* End PBXBuildFile section */

/* Begin PBXFileReference section */
		43CDF080DF6727DF4A05DE7C /* Pods-Superpowers.release.xcconfig */ = {isa = PBXFileReference; includeInIndex = 1; lastKnownFileType = text.xcconfig; name = "Pods-Superpowers.release.xcconfig"; path = "Pods/Target Support Files/Pods-Superpowers/Pods-Superpowers.release.xcconfig"; sourceTree = "<group>"; };
		B29521C0BE4DB6F672FAE88E /* Pods_Superpowers.framework */ = {isa = PBXFileReference; explicitFileType = wrapper.framework; includeInIndex = 0; path = Pods_Superpowers.framework; sourceTree = BUILT_PRODUCTS_DIR; };
		DF191ACC1E73F79F008964B1 /* ClassicURLSession.playground */ = {isa = PBXFileReference; lastKnownFileType = file.playground; path = ClassicURLSession.playground; sourceTree = "<group>"; };
		DF191ACD1E741030008964B1 /* RxURLSession.playground */ = {isa = PBXFileReference; lastKnownFileType = file.playground; path = RxURLSession.playground; sourceTree = "<group>"; };
		DFE3D8E71E732660007A42B9 /* Superpowers.app */ = {isa = PBXFileReference; explicitFileType = wrapper.application; includeInIndex = 0; path = Superpowers.app; sourceTree = BUILT_PRODUCTS_DIR; };
		DFE3D8EA1E732660007A42B9 /* AppDelegate.swift */ = {isa = PBXFileReference; lastKnownFileType = sourcecode.swift; path = AppDelegate.swift; sourceTree = "<group>"; };
		DFE3D8EC1E732660007A42B9 /* ViewController.swift */ = {isa = PBXFileReference; lastKnownFileType = sourcecode.swift; path = ViewController.swift; sourceTree = "<group>"; };
		DFE3D8EF1E732660007A42B9 /* Base */ = {isa = PBXFileReference; lastKnownFileType = file.storyboard; name = Base; path = Base.lproj/Main.storyboard; sourceTree = "<group>"; };
		DFE3D8F11E732660007A42B9 /* Assets.xcassets */ = {isa = PBXFileReference; lastKnownFileType = folder.assetcatalog; path = Assets.xcassets; sourceTree = "<group>"; };
		DFE3D8F41E732660007A42B9 /* Base */ = {isa = PBXFileReference; lastKnownFileType = file.storyboard; name = Base; path = Base.lproj/LaunchScreen.storyboard; sourceTree = "<group>"; };
		DFE3D8F61E732660007A42B9 /* Info.plist */ = {isa = PBXFileReference; lastKnownFileType = text.plist.xml; path = Info.plist; sourceTree = "<group>"; };
		DFE3D8FC1E73293C007A42B9 /* RxExploration.playground */ = {isa = PBXFileReference; lastKnownFileType = file.playground; path = RxExploration.playground; sourceTree = "<group>"; };
		FF31DF4ADE5A55F48F44AA32 /* Pods-Superpowers.debug.xcconfig */ = {isa = PBXFileReference; includeInIndex = 1; lastKnownFileType = text.xcconfig; name = "Pods-Superpowers.debug.xcconfig"; path = "Pods/Target Support Files/Pods-Superpowers/Pods-Superpowers.debug.xcconfig"; sourceTree = "<group>"; };
/* End PBXFileReference section */

/* Begin PBXFrameworksBuildPhase section */
		DFE3D8E41E732660007A42B9 /* Frameworks */ = {
			isa = PBXFrameworksBuildPhase;
			buildActionMask = 2147483647;
			files = (
				5420AEC7449F376B011F8CC7 /* Pods_Superpowers.framework in Frameworks */,
			);
			runOnlyForDeploymentPostprocessing = 0;
		};
/* End PBXFrameworksBuildPhase section */

/* Begin PBXGroup section */
		0BA2520FAD80B39BE191CFAC /* Frameworks */ = {
			isa = PBXGroup;
			children = (
				B29521C0BE4DB6F672FAE88E /* Pods_Superpowers.framework */,
			);
			name = Frameworks;
			sourceTree = "<group>";
		};
		D04A5E1E2529619D8C20A9EE /* Pods */ = {
			isa = PBXGroup;
			children = (
				FF31DF4ADE5A55F48F44AA32 /* Pods-Superpowers.debug.xcconfig */,
				43CDF080DF6727DF4A05DE7C /* Pods-Superpowers.release.xcconfig */,
			);
			name = Pods;
			sourceTree = "<group>";
		};
		DFE3D8DE1E732660007A42B9 = {
			isa = PBXGroup;
			children = (
				DFE3D8E91E732660007A42B9 /* Superpowers */,
				DFE3D8E81E732660007A42B9 /* Products */,
				D04A5E1E2529619D8C20A9EE /* Pods */,
				0BA2520FAD80B39BE191CFAC /* Frameworks */,
			);
			sourceTree = "<group>";
		};
		DFE3D8E81E732660007A42B9 /* Products */ = {
			isa = PBXGroup;
			children = (
				DFE3D8E71E732660007A42B9 /* Superpowers.app */,
			);
			name = Products;
			sourceTree = "<group>";
		};
		DFE3D8E91E732660007A42B9 /* Superpowers */ = {
			isa = PBXGroup;
			children = (
				DFE3D8EA1E732660007A42B9 /* AppDelegate.swift */,
				DFE3D8EC1E732660007A42B9 /* ViewController.swift */,
				DFE3D8EE1E732660007A42B9 /* Main.storyboard */,
				DFE3D8F11E732660007A42B9 /* Assets.xcassets */,
				DFE3D8F31E732660007A42B9 /* LaunchScreen.storyboard */,
				DFE3D8F61E732660007A42B9 /* Info.plist */,
				DFE3D8FC1E73293C007A42B9 /* RxExploration.playground */,
				DF191ACC1E73F79F008964B1 /* ClassicURLSession.playground */,
				DF191ACD1E741030008964B1 /* RxURLSession.playground */,
			);
			path = Superpowers;
			sourceTree = "<group>";
		};
/* End PBXGroup section */

/* Begin PBXNativeTarget section */
		DFE3D8E61E732660007A42B9 /* Superpowers */ = {
			isa = PBXNativeTarget;
			buildConfigurationList = DFE3D8F91E732660007A42B9 /* Build configuration list for PBXNativeTarget "Superpowers" */;
			buildPhases = (
				9D81B668B8048B0B047B3780 /* [CP] Check Pods Manifest.lock */,
				DFE3D8E31E732660007A42B9 /* Sources */,
				DFE3D8E41E732660007A42B9 /* Frameworks */,
				DFE3D8E51E732660007A42B9 /* Resources */,
				182C7551BA2F1452DB3B0200 /* [CP] Embed Pods Frameworks */,
				9B3217DB749C5058E3179F8B /* [CP] Copy Pods Resources */,
			);
			buildRules = (
			);
			dependencies = (
			);
			name = Superpowers;
			productName = Superpowers;
			productReference = DFE3D8E71E732660007A42B9 /* Superpowers.app */;
			productType = "com.apple.product-type.application";
		};
/* End PBXNativeTarget section */

/* Begin PBXProject section */
		DFE3D8DF1E732660007A42B9 /* Project object */ = {
			isa = PBXProject;
			attributes = {
				LastSwiftUpdateCheck = 0820;
				LastUpgradeCheck = 0820;
				ORGANIZATIONNAME = "Jose Sanchez Rodriguez";
				TargetAttributes = {
					DFE3D8E61E732660007A42B9 = {
						CreatedOnToolsVersion = 8.2.1;
						ProvisioningStyle = Automatic;
					};
				};
			};
			buildConfigurationList = DFE3D8E21E732660007A42B9 /* Build configuration list for PBXProject "Superpowers" */;
			compatibilityVersion = "Xcode 3.2";
			developmentRegion = English;
			hasScannedForEncodings = 0;
			knownRegions = (
				en,
				Base,
			);
			mainGroup = DFE3D8DE1E732660007A42B9;
			productRefGroup = DFE3D8E81E732660007A42B9 /* Products */;
			projectDirPath = "";
			projectRoot = "";
			targets = (
				DFE3D8E61E732660007A42B9 /* Superpowers */,
			);
		};
/* End PBXProject section */

/* Begin PBXResourcesBuildPhase section */
		DFE3D8E51E732660007A42B9 /* Resources */ = {
			isa = PBXResourcesBuildPhase;
			buildActionMask = 2147483647;
			files = (
				DFE3D8F51E732660007A42B9 /* LaunchScreen.storyboard in Resources */,
				DFE3D8F21E732660007A42B9 /* Assets.xcassets in Resources */,
				DFE3D8F01E732660007A42B9 /* Main.storyboard in Resources */,
			);
			runOnlyForDeploymentPostprocessing = 0;
		};
/* End PBXResourcesBuildPhase section */

/* Begin PBXShellScriptBuildPhase section */
		182C7551BA2F1452DB3B0200 /* [CP] Embed Pods Frameworks */ = {
			isa = PBXShellScriptBuildPhase;
			buildActionMask = 2147483647;
			files = (
			);
			inputPaths = (
			);
			name = "[CP] Embed Pods Frameworks";
			outputPaths = (
			);
			runOnlyForDeploymentPostprocessing = 0;
			shellPath = /bin/sh;
			shellScript = "\"${SRCROOT}/Pods/Target Support Files/Pods-Superpowers/Pods-Superpowers-frameworks.sh\"\n";
			showEnvVarsInLog = 0;
		};
		9B3217DB749C5058E3179F8B /* [CP] Copy Pods Resources */ = {
			isa = PBXShellScriptBuildPhase;
			buildActionMask = 2147483647;
			files = (
			);
			inputPaths = (
			);
			name = "[CP] Copy Pods Resources";
			outputPaths = (
			);
			runOnlyForDeploymentPostprocessing = 0;
			shellPath = /bin/sh;
			shellScript = "\"${SRCROOT}/Pods/Target Support Files/Pods-Superpowers/Pods-Superpowers-resources.sh\"\n";
			showEnvVarsInLog = 0;
		};
		9D81B668B8048B0B047B3780 /* [CP] Check Pods Manifest.lock */ = {
			isa = PBXShellScriptBuildPhase;
			buildActionMask = 2147483647;
			files = (
			);
			inputPaths = (
			);
			name = "[CP] Check Pods Manifest.lock";
			outputPaths = (
			);
			runOnlyForDeploymentPostprocessing = 0;
			shellPath = /bin/sh;
			shellScript = "diff \"${PODS_ROOT}/../Podfile.lock\" \"${PODS_ROOT}/Manifest.lock\" > /dev/null\nif [ $? != 0 ] ; then\n    # print error to STDERR\n    echo \"error: The sandbox is not in sync with the Podfile.lock. Run 'pod install' or update your CocoaPods installation.\" >&2\n    exit 1\nfi\n";
			showEnvVarsInLog = 0;
		};
/* End PBXShellScriptBuildPhase section */

/* Begin PBXSourcesBuildPhase section */
		DFE3D8E31E732660007A42B9 /* Sources */ = {
			isa = PBXSourcesBuildPhase;
			buildActionMask = 2147483647;
			files = (
				DFE3D8ED1E732660007A42B9 /* ViewController.swift in Sources */,
				DFE3D8EB1E732660007A42B9 /* AppDelegate.swift in Sources */,
			);
			runOnlyForDeploymentPostprocessing = 0;
		};
/* End PBXSourcesBuildPhase section */

/* Begin PBXVariantGroup section */
		DFE3D8EE1E732660007A42B9 /* Main.storyboard */ = {
			isa = PBXVariantGroup;
			children = (
				DFE3D8EF1E732660007A42B9 /* Base */,
			);
			name = Main.storyboard;
			sourceTree = "<group>";
		};
		DFE3D8F31E732660007A42B9 /* LaunchScreen.storyboard */ = {
			isa = PBXVariantGroup;
			children = (
				DFE3D8F41E732660007A42B9 /* Base */,
			);
			name = LaunchScreen.storyboard;
			sourceTree = "<group>";
		};
/* End PBXVariantGroup section */

/* Begin XCBuildConfiguration section */
		DFE3D8F71E732660007A42B9 /* Debug */ = {
			isa = XCBuildConfiguration;
			buildSettings = {
				ALWAYS_SEARCH_USER_PATHS = NO;
				CLANG_ANALYZER_NONNULL = YES;
				CLANG_CXX_LANGUAGE_STANDARD = "gnu++0x";
				CLANG_CXX_LIBRARY = "libc++";
				CLANG_ENABLE_MODULES = YES;
				CLANG_ENABLE_OBJC_ARC = YES;
				CLANG_WARN_BOOL_CONVERSION = YES;
				CLANG_WARN_CONSTANT_CONVERSION = YES;
				CLANG_WARN_DIRECT_OBJC_ISA_USAGE = YES_ERROR;
				CLANG_WARN_DOCUMENTATION_COMMENTS = YES;
				CLANG_WARN_EMPTY_BODY = YES;
				CLANG_WARN_ENUM_CONVERSION = YES;
				CLANG_WARN_INFINITE_RECURSION = YES;
				CLANG_WARN_INT_CONVERSION = YES;
				CLANG_WARN_OBJC_ROOT_CLASS = YES_ERROR;
				CLANG_WARN_SUSPICIOUS_MOVE = YES;
				CLANG_WARN_UNREACHABLE_CODE = YES;
				CLANG_WARN__DUPLICATE_METHOD_MATCH = YES;
				"CODE_SIGN_IDENTITY[sdk=iphoneos*]" = "iPhone Developer";
				COPY_PHASE_STRIP = NO;
				DEBUG_INFORMATION_FORMAT = dwarf;
				ENABLE_STRICT_OBJC_MSGSEND = YES;
				ENABLE_TESTABILITY = YES;
				GCC_C_LANGUAGE_STANDARD = gnu99;
				GCC_DYNAMIC_NO_PIC = NO;
				GCC_NO_COMMON_BLOCKS = YES;
				GCC_OPTIMIZATION_LEVEL = 0;
				GCC_PREPROCESSOR_DEFINITIONS = (
					"DEBUG=1",
					"$(inherited)",
				);
				GCC_WARN_64_TO_32_BIT_CONVERSION = YES;
				GCC_WARN_ABOUT_RETURN_TYPE = YES_ERROR;
				GCC_WARN_UNDECLARED_SELECTOR = YES;
				GCC_WARN_UNINITIALIZED_AUTOS = YES_AGGRESSIVE;
				GCC_WARN_UNUSED_FUNCTION = YES;
				GCC_WARN_UNUSED_VARIABLE = YES;
				IPHONEOS_DEPLOYMENT_TARGET = 10.2;
				MTL_ENABLE_DEBUG_INFO = YES;
				ONLY_ACTIVE_ARCH = YES;
				SDKROOT = iphoneos;
				SWIFT_ACTIVE_COMPILATION_CONDITIONS = DEBUG;
				SWIFT_OPTIMIZATION_LEVEL = "-Onone";
			};
			name = Debug;
		};
		DFE3D8F81E732660007A42B9 /* Release */ = {
			isa = XCBuildConfiguration;
			buildSettings = {
				ALWAYS_SEARCH_USER_PATHS = NO;
				CLANG_ANALYZER_NONNULL = YES;
				CLANG_CXX_LANGUAGE_STANDARD = "gnu++0x";
				CLANG_CXX_LIBRARY = "libc++";
				CLANG_ENABLE_MODULES = YES;
				CLANG_ENABLE_OBJC_ARC = YES;
				CLANG_WARN_BOOL_CONVERSION = YES;
				CLANG_WARN_CONSTANT_CONVERSION = YES;
				CLANG_WARN_DIRECT_OBJC_ISA_USAGE = YES_ERROR;
				CLANG_WARN_DOCUMENTATION_COMMENTS = YES;
				CLANG_WARN_EMPTY_BODY = YES;
				CLANG_WARN_ENUM_CONVERSION = YES;
				CLANG_WARN_INFINITE_RECURSION = YES;
				CLANG_WARN_INT_CONVERSION = YES;
				CLANG_WARN_OBJC_ROOT_CLASS = YES_ERROR;
				CLANG_WARN_SUSPICIOUS_MOVE = YES;
				CLANG_WARN_UNREACHABLE_CODE = YES;
				CLANG_WARN__DUPLICATE_METHOD_MATCH = YES;
				"CODE_SIGN_IDENTITY[sdk=iphoneos*]" = "iPhone Developer";
				COPY_PHASE_STRIP = NO;
				DEBUG_INFORMATION_FORMAT = "dwarf-with-dsym";
				ENABLE_NS_ASSERTIONS = NO;
				ENABLE_STRICT_OBJC_MSGSEND = YES;
				GCC_C_LANGUAGE_STANDARD = gnu99;
				GCC_NO_COMMON_BLOCKS = YES;
				GCC_WARN_64_TO_32_BIT_CONVERSION = YES;
				GCC_WARN_ABOUT_RETURN_TYPE = YES_ERROR;
				GCC_WARN_UNDECLARED_SELECTOR = YES;
				GCC_WARN_UNINITIALIZED_AUTOS = YES_AGGRESSIVE;
				GCC_WARN_UNUSED_FUNCTION = YES;
				GCC_WARN_UNUSED_VARIABLE = YES;
				IPHONEOS_DEPLOYMENT_TARGET = 10.2;
				MTL_ENABLE_DEBUG_INFO = NO;
				SDKROOT = iphoneos;
				SWIFT_OPTIMIZATION_LEVEL = "-Owholemodule";
				VALIDATE_PRODUCT = YES;
			};
			name = Release;
		};
		DFE3D8FA1E732660007A42B9 /* Debug */ = {
			isa = XCBuildConfiguration;
			baseConfigurationReference = FF31DF4ADE5A55F48F44AA32 /* Pods-Superpowers.debug.xcconfig */;
			buildSettings = {
				ASSETCATALOG_COMPILER_APPICON_NAME = AppIcon;
				INFOPLIST_FILE = Superpowers/Info.plist;
				LD_RUNPATH_SEARCH_PATHS = "$(inherited) @executable_path/Frameworks";
				PRODUCT_BUNDLE_IDENTIFIER = JoseJacin.Superpowers;
				PRODUCT_NAME = "$(TARGET_NAME)";
				SWIFT_VERSION = 3.0;
			};
			name = Debug;
		};
		DFE3D8FB1E732660007A42B9 /* Release */ = {
			isa = XCBuildConfiguration;
			baseConfigurationReference = 43CDF080DF6727DF4A05DE7C /* Pods-Superpowers.release.xcconfig */;
			buildSettings = {
				ASSETCATALOG_COMPILER_APPICON_NAME = AppIcon;
				INFOPLIST_FILE = Superpowers/Info.plist;
				LD_RUNPATH_SEARCH_PATHS = "$(inherited) @executable_path/Frameworks";
				PRODUCT_BUNDLE_IDENTIFIER = JoseJacin.Superpowers;
				PRODUCT_NAME = "$(TARGET_NAME)";
				SWIFT_VERSION = 3.0;
			};
			name = Release;
		};
/* End XCBuildConfiguration section */

/* Begin XCConfigurationList section */
		DFE3D8E21E732660007A42B9 /* Build configuration list for PBXProject "Superpowers" */ = {
			isa = XCConfigurationList;
			buildConfigurations = (
				DFE3D8F71E732660007A42B9 /* Debug */,
				DFE3D8F81E732660007A42B9 /* Release */,
			);
			defaultConfigurationIsVisible = 0;
			defaultConfigurationName = Release;
		};
		DFE3D8F91E732660007A42B9 /* Build configuration list for PBXNativeTarget "Superpowers" */ = {
			isa = XCConfigurationList;
			buildConfigurations = (
				DFE3D8FA1E732660007A42B9 /* Debug */,
				DFE3D8FB1E732660007A42B9 /* Release */,
			);
			defaultConfigurationIsVisible = 0;
			defaultConfigurationName = Release;
		};
/* End XCConfigurationList section */
	};
	rootObject = DFE3D8DF1E732660007A42B9 /* Project object */;
}
